
Microsoft Visual Studio Solution File, Format Version 12.00
# Visual Studio Version 17
VisualStudioVersion = 17.10.34916.146
MinimumVisualStudioVersion = 10.0.40219.1
Project("{FAE04EC0-301F-11D3-BF4B-00C04F79EFBC}") = "PersonalityGuru.Shared", "PersonalityGuru.Shared\PersonalityGuru.Shared.csproj", "{B9EAA485-8071-46A3-82BB-615BFA4406B2}"
EndProject
Project("{FAE04EC0-301F-11D3-BF4B-00C04F79EFBC}") = "PersonalityGuru.Server", "PersonalityGuru.Server\PersonalityGuru.Server.csproj", "{876F34DD-34DB-4C4B-8AD4-71E0D047DBF8}"
EndProject
Global
	GlobalSection(SolutionConfigurationPlatforms) = preSolution
		Debug|Any CPU = Debug|Any CPU
		Release|Any CPU = Release|Any CPU
	EndGlobalSection
	GlobalSection(ProjectConfigurationPlatforms) = postSolution
		{B9EAA485-8071-46A3-82BB-615BFA4406B2}.Debug|Any CPU.ActiveCfg = Debug|Any CPU
		{B9EAA485-8071-46A3-82BB-615BFA4406B2}.Debug|Any CPU.Build.0 = Debug|Any CPU
		{B9EAA485-8071-46A3-82BB-615BFA4406B2}.Release|Any CPU.ActiveCfg = Release|Any CPU
		{B9EAA485-8071-46A3-82BB-615BFA4406B2}.Release|Any CPU.Build.0 = Release|Any CPU
		{876F34DD-34DB-4C4B-8AD4-71E0D047DBF8}.Debug|Any CPU.ActiveCfg = Debug|Any CPU
		{876F34DD-34DB-4C4B-8AD4-71E0D047DBF8}.Debug|Any CPU.Build.0 = Debug|Any CPU
		{876F34DD-34DB-4C4B-8AD4-71E0D047DBF8}.Release|Any CPU.ActiveCfg = Release|Any CPU
		{876F34DD-34DB-4C4B-8AD4-71E0D047DBF8}.Release|Any CPU.Build.0 = Release|Any CPU
	EndGlobalSection
	GlobalSection(SolutionProperties) = preSolution
		HideSolutionNode = FALSE
	EndGlobalSection
	GlobalSection(ExtensibilityGlobals) = postSolution
		SolutionGuid = {566B19E1-7B95-4D55-AD55-D5C3DD15A58A}
	EndGlobalSection
EndGlobal
